
Microsoft Visual Studio Solution File, Format Version 12.00
# Visual Studio Version 17
VisualStudioVersion = 17.13.35931.197 d17.13
MinimumVisualStudioVersion = 10.0.40219.1
Project("{2150E333-8FDC-42A3-9474-1A3956D46DE8}") = "04", "04", "{02EA681E-C7D8-13C7-8484-4AC65E1B71E8}"
EndProject
Project("{FAE04EC0-301F-11D3-BF4B-00C04F79EFBC}") = "Ejercicio04.Consola", "Ejercicio04.Consola\Ejercicio04.Consola.csproj", "{7453E5D5-7C2C-4152-A0BE-B2A635F32398}"
EndProject
Project("{2150E333-8FDC-42A3-9474-1A3956D46DE8}") = "09", "09", "{CA662CE0-1782-4423-AEFB-435A8FC24BB3}"
EndProject
Project("{FAE04EC0-301F-11D3-BF4B-00C04F79EFBC}") = "Ejercicio09.Consola", "Ejercicio09.Consola\Ejercicio09.Consola.csproj", "{BB793CBA-AD4C-4349-8146-05FC2721AFE8}"
EndProject
Project("{2150E333-8FDC-42A3-9474-1A3956D46DE8}") = "10", "10", "{D68B8D28-4F0F-401C-9F02-3DF052403667}"
EndProject
Project("{FAE04EC0-301F-11D3-BF4B-00C04F79EFBC}") = "Ejercicio10.Consola", "Ejercicio10.Consola\Ejercicio10.Consola.csproj", "{9D952685-7353-4734-826F-B9D37F8FA78F}"
EndProject
Global
	GlobalSection(SolutionConfigurationPlatforms) = preSolution
		Debug|Any CPU = Debug|Any CPU
		Release|Any CPU = Release|Any CPU
	EndGlobalSection
	GlobalSection(ProjectConfigurationPlatforms) = postSolution
		{7453E5D5-7C2C-4152-A0BE-B2A635F32398}.Debug|Any CPU.ActiveCfg = Debug|Any CPU
		{7453E5D5-7C2C-4152-A0BE-B2A635F32398}.Debug|Any CPU.Build.0 = Debug|Any CPU
		{7453E5D5-7C2C-4152-A0BE-B2A635F32398}.Release|Any CPU.ActiveCfg = Release|Any CPU
		{7453E5D5-7C2C-4152-A0BE-B2A635F32398}.Release|Any CPU.Build.0 = Release|Any CPU
		{BB793CBA-AD4C-4349-8146-05FC2721AFE8}.Debug|Any CPU.ActiveCfg = Debug|Any CPU
		{BB793CBA-AD4C-4349-8146-05FC2721AFE8}.Debug|Any CPU.Build.0 = Debug|Any CPU
		{BB793CBA-AD4C-4349-8146-05FC2721AFE8}.Release|Any CPU.ActiveCfg = Release|Any CPU
		{BB793CBA-AD4C-4349-8146-05FC2721AFE8}.Release|Any CPU.Build.0 = Release|Any CPU
		{9D952685-7353-4734-826F-B9D37F8FA78F}.Debug|Any CPU.ActiveCfg = Debug|Any CPU
		{9D952685-7353-4734-826F-B9D37F8FA78F}.Debug|Any CPU.Build.0 = Debug|Any CPU
		{9D952685-7353-4734-826F-B9D37F8FA78F}.Release|Any CPU.ActiveCfg = Release|Any CPU
		{9D952685-7353-4734-826F-B9D37F8FA78F}.Release|Any CPU.Build.0 = Release|Any CPU
	EndGlobalSection
	GlobalSection(SolutionProperties) = preSolution
		HideSolutionNode = FALSE
	EndGlobalSection
	GlobalSection(NestedProjects) = preSolution
		{7453E5D5-7C2C-4152-A0BE-B2A635F32398} = {02EA681E-C7D8-13C7-8484-4AC65E1B71E8}
		{BB793CBA-AD4C-4349-8146-05FC2721AFE8} = {CA662CE0-1782-4423-AEFB-435A8FC24BB3}
		{9D952685-7353-4734-826F-B9D37F8FA78F} = {D68B8D28-4F0F-401C-9F02-3DF052403667}
	EndGlobalSection
	GlobalSection(ExtensibilityGlobals) = postSolution
		SolutionGuid = {F3590F2F-0467-4070-9B0C-0991D4BB4C27}
	EndGlobalSection
EndGlobal
